// !$*UTF8*$!
{
	archiveVersion = 1;
	classes = {
	};
	objectVersion = 55;
	objects = {

/* Begin PBXBuildFile section */
		F5007A46292B5E21006D2AAB /* Validation.swift in Sources */ = {isa = PBXBuildFile; fileRef = F5007A45292B5E21006D2AAB /* Validation.swift */; };
		F5C2B972290A23F3009BD5CD /* AppDelegate.swift in Sources */ = {isa = PBXBuildFile; fileRef = F5C2B971290A23F3009BD5CD /* AppDelegate.swift */; };
		F5C2B97B290A23F7009BD5CD /* Assets.xcassets in Resources */ = {isa = PBXBuildFile; fileRef = F5C2B97A290A23F7009BD5CD /* Assets.xcassets */; };
		F5C2B97E290A23F7009BD5CD /* LaunchScreen.storyboard in Resources */ = {isa = PBXBuildFile; fileRef = F5C2B97C290A23F7009BD5CD /* LaunchScreen.storyboard */; };
		F5C2B98A290A25E4009BD5CD /* PersonViewController.swift in Sources */ = {isa = PBXBuildFile; fileRef = F5C2B988290A25E4009BD5CD /* PersonViewController.swift */; };
		F5C2B98B290A25E4009BD5CD /* PersonViewController.xib in Resources */ = {isa = PBXBuildFile; fileRef = F5C2B989290A25E4009BD5CD /* PersonViewController.xib */; };
		F5C2B98D290A2C4D009BD5CD /* CustomTextField.swift in Sources */ = {isa = PBXBuildFile; fileRef = F5C2B98C290A2C4D009BD5CD /* CustomTextField.swift */; };
		F5C2B98F290A2C86009BD5CD /* CustomTextField.xib in Resources */ = {isa = PBXBuildFile; fileRef = F5C2B98E290A2C86009BD5CD /* CustomTextField.xib */; };
		F5C2B997290A62C3009BD5CD /* ChildrenCell.swift in Sources */ = {isa = PBXBuildFile; fileRef = F5C2B995290A62C3009BD5CD /* ChildrenCell.swift */; };
		F5C2B998290A62C3009BD5CD /* ChildrenCell.xib in Resources */ = {isa = PBXBuildFile; fileRef = F5C2B996290A62C3009BD5CD /* ChildrenCell.xib */; };
		F5C2B99B290A73F8009BD5CD /* UITableView+Extension.swift in Sources */ = {isa = PBXBuildFile; fileRef = F5C2B99A290A73F8009BD5CD /* UITableView+Extension.swift */; };
		F5C2B99E290A7A82009BD5CD /* ChildrenHeader.swift in Sources */ = {isa = PBXBuildFile; fileRef = F5C2B99D290A7A82009BD5CD /* ChildrenHeader.swift */; };
		F5C2B9A0290A7A9B009BD5CD /* ChildrenHeader.xib in Resources */ = {isa = PBXBuildFile; fileRef = F5C2B99F290A7A9B009BD5CD /* ChildrenHeader.xib */; };
		F5C2B9A2290A98A2009BD5CD /* CustomButton.swift in Sources */ = {isa = PBXBuildFile; fileRef = F5C2B9A1290A98A2009BD5CD /* CustomButton.swift */; };
		F5C2B9A6290B7130009BD5CD /* Person.swift in Sources */ = {isa = PBXBuildFile; fileRef = F5C2B9A5290B7130009BD5CD /* Person.swift */; };
		F5C2B9A8290B76D9009BD5CD /* PersonPresenter.swift in Sources */ = {isa = PBXBuildFile; fileRef = F5C2B9A7290B76D9009BD5CD /* PersonPresenter.swift */; };
/* End PBXBuildFile section */

/* Begin PBXFileReference section */
		F5007A45292B5E21006D2AAB /* Validation.swift */ = {isa = PBXFileReference; lastKnownFileType = sourcecode.swift; path = Validation.swift; sourceTree = "<group>"; };
		F5C2B96E290A23F3009BD5CD /* PersonalData.app */ = {isa = PBXFileReference; explicitFileType = wrapper.application; includeInIndex = 0; path = PersonalData.app; sourceTree = BUILT_PRODUCTS_DIR; };
		F5C2B971290A23F3009BD5CD /* AppDelegate.swift */ = {isa = PBXFileReference; lastKnownFileType = sourcecode.swift; path = AppDelegate.swift; sourceTree = "<group>"; };
		F5C2B97A290A23F7009BD5CD /* Assets.xcassets */ = {isa = PBXFileReference; lastKnownFileType = folder.assetcatalog; path = Assets.xcassets; sourceTree = "<group>"; };
		F5C2B97D290A23F7009BD5CD /* Base */ = {isa = PBXFileReference; lastKnownFileType = file.storyboard; name = Base; path = Base.lproj/LaunchScreen.storyboard; sourceTree = "<group>"; };
		F5C2B97F290A23F7009BD5CD /* Info.plist */ = {isa = PBXFileReference; lastKnownFileType = text.plist.xml; path = Info.plist; sourceTree = "<group>"; };
		F5C2B988290A25E4009BD5CD /* PersonViewController.swift */ = {isa = PBXFileReference; lastKnownFileType = sourcecode.swift; path = PersonViewController.swift; sourceTree = "<group>"; };
		F5C2B989290A25E4009BD5CD /* PersonViewController.xib */ = {isa = PBXFileReference; lastKnownFileType = file.xib; path = PersonViewController.xib; sourceTree = "<group>"; };
		F5C2B98C290A2C4D009BD5CD /* CustomTextField.swift */ = {isa = PBXFileReference; lastKnownFileType = sourcecode.swift; path = CustomTextField.swift; sourceTree = "<group>"; };
		F5C2B98E290A2C86009BD5CD /* CustomTextField.xib */ = {isa = PBXFileReference; lastKnownFileType = file.xib; path = CustomTextField.xib; sourceTree = "<group>"; };
		F5C2B995290A62C3009BD5CD /* ChildrenCell.swift */ = {isa = PBXFileReference; lastKnownFileType = sourcecode.swift; path = ChildrenCell.swift; sourceTree = "<group>"; };
		F5C2B996290A62C3009BD5CD /* ChildrenCell.xib */ = {isa = PBXFileReference; lastKnownFileType = file.xib; path = ChildrenCell.xib; sourceTree = "<group>"; };
		F5C2B99A290A73F8009BD5CD /* UITableView+Extension.swift */ = {isa = PBXFileReference; lastKnownFileType = sourcecode.swift; path = "UITableView+Extension.swift"; sourceTree = "<group>"; };
		F5C2B99D290A7A82009BD5CD /* ChildrenHeader.swift */ = {isa = PBXFileReference; lastKnownFileType = sourcecode.swift; path = ChildrenHeader.swift; sourceTree = "<group>"; };
		F5C2B99F290A7A9B009BD5CD /* ChildrenHeader.xib */ = {isa = PBXFileReference; lastKnownFileType = file.xib; path = ChildrenHeader.xib; sourceTree = "<group>"; };
		F5C2B9A1290A98A2009BD5CD /* CustomButton.swift */ = {isa = PBXFileReference; lastKnownFileType = sourcecode.swift; path = CustomButton.swift; sourceTree = "<group>"; };
		F5C2B9A5290B7130009BD5CD /* Person.swift */ = {isa = PBXFileReference; lastKnownFileType = sourcecode.swift; path = Person.swift; sourceTree = "<group>"; };
		F5C2B9A7290B76D9009BD5CD /* PersonPresenter.swift */ = {isa = PBXFileReference; lastKnownFileType = sourcecode.swift; path = PersonPresenter.swift; sourceTree = "<group>"; };
/* End PBXFileReference section */

/* Begin PBXFrameworksBuildPhase section */
		F5C2B96B290A23F3009BD5CD /* Frameworks */ = {
			isa = PBXFrameworksBuildPhase;
			buildActionMask = 2147483647;
			files = (
			);
			runOnlyForDeploymentPostprocessing = 0;
		};
/* End PBXFrameworksBuildPhase section */

/* Begin PBXGroup section */
		F5007A44292B5DB5006D2AAB /* Helpers */ = {
			isa = PBXGroup;
			children = (
				F5007A45292B5E21006D2AAB /* Validation.swift */,
			);
			path = Helpers;
			sourceTree = "<group>";
		};
		F5C2B965290A23F3009BD5CD = {
			isa = PBXGroup;
			children = (
				F5C2B970290A23F3009BD5CD /* PersonalData */,
				F5C2B96F290A23F3009BD5CD /* Products */,
			);
			sourceTree = "<group>";
		};
		F5C2B96F290A23F3009BD5CD /* Products */ = {
			isa = PBXGroup;
			children = (
				F5C2B96E290A23F3009BD5CD /* PersonalData.app */,
			);
			name = Products;
			sourceTree = "<group>";
		};
		F5C2B970290A23F3009BD5CD /* PersonalData */ = {
			isa = PBXGroup;
			children = (
				F5C2B985290A24A1009BD5CD /* Application */,
				F5C2B999290A73C5009BD5CD /* Extensions */,
				F5C2B986290A24C1009BD5CD /* Resources */,
				F5007A44292B5DB5006D2AAB /* Helpers */,
				F5C2B990290A3C03009BD5CD /* UIComponents */,
				F5C2B9A4290B70FC009BD5CD /* Models */,
				F5C2B987290A2572009BD5CD /* Modules */,
			);
			path = PersonalData;
			sourceTree = "<group>";
		};
		F5C2B985290A24A1009BD5CD /* Application */ = {
			isa = PBXGroup;
			children = (
				F5C2B971290A23F3009BD5CD /* AppDelegate.swift */,
				F5C2B97C290A23F7009BD5CD /* LaunchScreen.storyboard */,
				F5C2B97F290A23F7009BD5CD /* Info.plist */,
			);
			path = Application;
			sourceTree = "<group>";
		};
		F5C2B986290A24C1009BD5CD /* Resources */ = {
			isa = PBXGroup;
			children = (
				F5C2B97A290A23F7009BD5CD /* Assets.xcassets */,
			);
			path = Resources;
			sourceTree = "<group>";
		};
		F5C2B987290A2572009BD5CD /* Modules */ = {
			isa = PBXGroup;
			children = (
				F5C2B992290A443E009BD5CD /* Person */,
			);
			path = Modules;
			sourceTree = "<group>";
		};
		F5C2B990290A3C03009BD5CD /* UIComponents */ = {
			isa = PBXGroup;
			children = (
				F5C2B9A3290A98A8009BD5CD /* CustomButton */,
				F5C2B991290A40D5009BD5CD /* CustomTextField */,
				F5C2B99C290A79F0009BD5CD /* ChildrenHeader */,
				F5C2B994290A6243009BD5CD /* ChildrenCell */,
			);
			path = UIComponents;
			sourceTree = "<group>";
		};
		F5C2B991290A40D5009BD5CD /* CustomTextField */ = {
			isa = PBXGroup;
			children = (
				F5C2B98C290A2C4D009BD5CD /* CustomTextField.swift */,
				F5C2B98E290A2C86009BD5CD /* CustomTextField.xib */,
			);
			path = CustomTextField;
			sourceTree = "<group>";
		};
		F5C2B992290A443E009BD5CD /* Person */ = {
			isa = PBXGroup;
			children = (
				F5C2B9A9290B7E54009BD5CD /* View */,
				F5C2B9AA290B7E63009BD5CD /* Presenter */,
			);
			path = Person;
			sourceTree = "<group>";
		};
		F5C2B994290A6243009BD5CD /* ChildrenCell */ = {
			isa = PBXGroup;
			children = (
				F5C2B995290A62C3009BD5CD /* ChildrenCell.swift */,
				F5C2B996290A62C3009BD5CD /* ChildrenCell.xib */,
			);
			path = ChildrenCell;
			sourceTree = "<group>";
		};
		F5C2B999290A73C5009BD5CD /* Extensions */ = {
			isa = PBXGroup;
			children = (
				F5C2B99A290A73F8009BD5CD /* UITableView+Extension.swift */,
			);
			path = Extensions;
			sourceTree = "<group>";
		};
		F5C2B99C290A79F0009BD5CD /* ChildrenHeader */ = {
			isa = PBXGroup;
			children = (
				F5C2B99D290A7A82009BD5CD /* ChildrenHeader.swift */,
				F5C2B99F290A7A9B009BD5CD /* ChildrenHeader.xib */,
			);
			path = ChildrenHeader;
			sourceTree = "<group>";
		};
		F5C2B9A3290A98A8009BD5CD /* CustomButton */ = {
			isa = PBXGroup;
			children = (
				F5C2B9A1290A98A2009BD5CD /* CustomButton.swift */,
			);
			path = CustomButton;
			sourceTree = "<group>";
		};
		F5C2B9A4290B70FC009BD5CD /* Models */ = {
			isa = PBXGroup;
			children = (
				F5C2B9A5290B7130009BD5CD /* Person.swift */,
			);
			path = Models;
			sourceTree = "<group>";
		};
		F5C2B9A9290B7E54009BD5CD /* View */ = {
			isa = PBXGroup;
			children = (
				F5C2B989290A25E4009BD5CD /* PersonViewController.xib */,
				F5C2B988290A25E4009BD5CD /* PersonViewController.swift */,
			);
			path = View;
			sourceTree = "<group>";
		};
		F5C2B9AA290B7E63009BD5CD /* Presenter */ = {
			isa = PBXGroup;
			children = (
				F5C2B9A7290B76D9009BD5CD /* PersonPresenter.swift */,
			);
			path = Presenter;
			sourceTree = "<group>";
		};
/* End PBXGroup section */

/* Begin PBXNativeTarget section */
		F5C2B96D290A23F3009BD5CD /* PersonalData */ = {
			isa = PBXNativeTarget;
			buildConfigurationList = F5C2B982290A23F7009BD5CD /* Build configuration list for PBXNativeTarget "PersonalData" */;
			buildPhases = (
				F5C2B96A290A23F3009BD5CD /* Sources */,
				F5C2B96B290A23F3009BD5CD /* Frameworks */,
				F5C2B96C290A23F3009BD5CD /* Resources */,
			);
			buildRules = (
			);
			dependencies = (
			);
			name = PersonalData;
			productName = PersonalData;
			productReference = F5C2B96E290A23F3009BD5CD /* PersonalData.app */;
			productType = "com.apple.product-type.application";
		};
/* End PBXNativeTarget section */

/* Begin PBXProject section */
		F5C2B966290A23F3009BD5CD /* Project object */ = {
			isa = PBXProject;
			attributes = {
				BuildIndependentTargetsInParallel = 1;
				LastSwiftUpdateCheck = 1340;
				LastUpgradeCheck = 1340;
				TargetAttributes = {
					F5C2B96D290A23F3009BD5CD = {
						CreatedOnToolsVersion = 13.4.1;
					};
				};
			};
			buildConfigurationList = F5C2B969290A23F3009BD5CD /* Build configuration list for PBXProject "PersonalData" */;
			compatibilityVersion = "Xcode 13.0";
			developmentRegion = en;
			hasScannedForEncodings = 0;
			knownRegions = (
				en,
				Base,
			);
			mainGroup = F5C2B965290A23F3009BD5CD;
			productRefGroup = F5C2B96F290A23F3009BD5CD /* Products */;
			projectDirPath = "";
			projectRoot = "";
			targets = (
				F5C2B96D290A23F3009BD5CD /* PersonalData */,
			);
		};
/* End PBXProject section */

/* Begin PBXResourcesBuildPhase section */
		F5C2B96C290A23F3009BD5CD /* Resources */ = {
			isa = PBXResourcesBuildPhase;
			buildActionMask = 2147483647;
			files = (
				F5C2B98F290A2C86009BD5CD /* CustomTextField.xib in Resources */,
				F5C2B9A0290A7A9B009BD5CD /* ChildrenHeader.xib in Resources */,
				F5C2B98B290A25E4009BD5CD /* PersonViewController.xib in Resources */,
				F5C2B97E290A23F7009BD5CD /* LaunchScreen.storyboard in Resources */,
				F5C2B97B290A23F7009BD5CD /* Assets.xcassets in Resources */,
				F5C2B998290A62C3009BD5CD /* ChildrenCell.xib in Resources */,
			);
			runOnlyForDeploymentPostprocessing = 0;
		};
/* End PBXResourcesBuildPhase section */

/* Begin PBXSourcesBuildPhase section */
		F5C2B96A290A23F3009BD5CD /* Sources */ = {
			isa = PBXSourcesBuildPhase;
			buildActionMask = 2147483647;
			files = (
				F5C2B972290A23F3009BD5CD /* AppDelegate.swift in Sources */,
				F5C2B98A290A25E4009BD5CD /* PersonViewController.swift in Sources */,
				F5C2B99B290A73F8009BD5CD /* UITableView+Extension.swift in Sources */,
				F5C2B99E290A7A82009BD5CD /* ChildrenHeader.swift in Sources */,
				F5C2B9A2290A98A2009BD5CD /* CustomButton.swift in Sources */,
				F5C2B98D290A2C4D009BD5CD /* CustomTextField.swift in Sources */,
				F5C2B9A6290B7130009BD5CD /* Person.swift in Sources */,
				F5C2B997290A62C3009BD5CD /* ChildrenCell.swift in Sources */,
				F5007A46292B5E21006D2AAB /* Validation.swift in Sources */,
				F5C2B9A8290B76D9009BD5CD /* PersonPresenter.swift in Sources */,
			);
			runOnlyForDeploymentPostprocessing = 0;
		};
/* End PBXSourcesBuildPhase section */

/* Begin PBXVariantGroup section */
		F5C2B97C290A23F7009BD5CD /* LaunchScreen.storyboard */ = {
			isa = PBXVariantGroup;
			children = (
				F5C2B97D290A23F7009BD5CD /* Base */,
			);
			name = LaunchScreen.storyboard;
			sourceTree = "<group>";
		};
/* End PBXVariantGroup section */

/* Begin XCBuildConfiguration section */
		F5C2B980290A23F7009BD5CD /* Debug */ = {
			isa = XCBuildConfiguration;
			buildSettings = {
				ALWAYS_SEARCH_USER_PATHS = NO;
				CLANG_ANALYZER_NONNULL = YES;
				CLANG_ANALYZER_NUMBER_OBJECT_CONVERSION = YES_AGGRESSIVE;
				CLANG_CXX_LANGUAGE_STANDARD = "gnu++17";
				CLANG_ENABLE_MODULES = YES;
				CLANG_ENABLE_OBJC_ARC = YES;
				CLANG_ENABLE_OBJC_WEAK = YES;
				CLANG_WARN_BLOCK_CAPTURE_AUTORELEASING = YES;
				CLANG_WARN_BOOL_CONVERSION = YES;
				CLANG_WARN_COMMA = YES;
				CLANG_WARN_CONSTANT_CONVERSION = YES;
				CLANG_WARN_DEPRECATED_OBJC_IMPLEMENTATIONS = YES;
				CLANG_WARN_DIRECT_OBJC_ISA_USAGE = YES_ERROR;
				CLANG_WARN_DOCUMENTATION_COMMENTS = YES;
				CLANG_WARN_EMPTY_BODY = YES;
				CLANG_WARN_ENUM_CONVERSION = YES;
				CLANG_WARN_INFINITE_RECURSION = YES;
				CLANG_WARN_INT_CONVERSION = YES;
				CLANG_WARN_NON_LITERAL_NULL_CONVERSION = YES;
				CLANG_WARN_OBJC_IMPLICIT_RETAIN_SELF = YES;
				CLANG_WARN_OBJC_LITERAL_CONVERSION = YES;
				CLANG_WARN_OBJC_ROOT_CLASS = YES_ERROR;
				CLANG_WARN_QUOTED_INCLUDE_IN_FRAMEWORK_HEADER = YES;
				CLANG_WARN_RANGE_LOOP_ANALYSIS = YES;
				CLANG_WARN_STRICT_PROTOTYPES = YES;
				CLANG_WARN_SUSPICIOUS_MOVE = YES;
				CLANG_WARN_UNGUARDED_AVAILABILITY = YES_AGGRESSIVE;
				CLANG_WARN_UNREACHABLE_CODE = YES;
				CLANG_WARN__DUPLICATE_METHOD_MATCH = YES;
				COPY_PHASE_STRIP = NO;
				DEBUG_INFORMATION_FORMAT = dwarf;
				ENABLE_STRICT_OBJC_MSGSEND = YES;
				ENABLE_TESTABILITY = YES;
				GCC_C_LANGUAGE_STANDARD = gnu11;
				GCC_DYNAMIC_NO_PIC = NO;
				GCC_NO_COMMON_BLOCKS = YES;
				GCC_OPTIMIZATION_LEVEL = 0;
				GCC_PREPROCESSOR_DEFINITIONS = (
					"DEBUG=1",
					"$(inherited)",
				);
				GCC_WARN_64_TO_32_BIT_CONVERSION = YES;
				GCC_WARN_ABOUT_RETURN_TYPE = YES_ERROR;
				GCC_WARN_UNDECLARED_SELECTOR = YES;
				GCC_WARN_UNINITIALIZED_AUTOS = YES_AGGRESSIVE;
				GCC_WARN_UNUSED_FUNCTION = YES;
				GCC_WARN_UNUSED_VARIABLE = YES;
				IPHONEOS_DEPLOYMENT_TARGET = 15.5;
				MTL_ENABLE_DEBUG_INFO = INCLUDE_SOURCE;
				MTL_FAST_MATH = YES;
				ONLY_ACTIVE_ARCH = YES;
				SDKROOT = iphoneos;
				SWIFT_ACTIVE_COMPILATION_CONDITIONS = DEBUG;
				SWIFT_OPTIMIZATION_LEVEL = "-Onone";
			};
			name = Debug;
		};
		F5C2B981290A23F7009BD5CD /* Release */ = {
			isa = XCBuildConfiguration;
			buildSettings = {
				ALWAYS_SEARCH_USER_PATHS = NO;
				CLANG_ANALYZER_NONNULL = YES;
				CLANG_ANALYZER_NUMBER_OBJECT_CONVERSION = YES_AGGRESSIVE;
				CLANG_CXX_LANGUAGE_STANDARD = "gnu++17";
				CLANG_ENABLE_MODULES = YES;
				CLANG_ENABLE_OBJC_ARC = YES;
				CLANG_ENABLE_OBJC_WEAK = YES;
				CLANG_WARN_BLOCK_CAPTURE_AUTORELEASING = YES;
				CLANG_WARN_BOOL_CONVERSION = YES;
				CLANG_WARN_COMMA = YES;
				CLANG_WARN_CONSTANT_CONVERSION = YES;
				CLANG_WARN_DEPRECATED_OBJC_IMPLEMENTATIONS = YES;
				CLANG_WARN_DIRECT_OBJC_ISA_USAGE = YES_ERROR;
				CLANG_WARN_DOCUMENTATION_COMMENTS = YES;
				CLANG_WARN_EMPTY_BODY = YES;
				CLANG_WARN_ENUM_CONVERSION = YES;
				CLANG_WARN_INFINITE_RECURSION = YES;
				CLANG_WARN_INT_CONVERSION = YES;
				CLANG_WARN_NON_LITERAL_NULL_CONVERSION = YES;
				CLANG_WARN_OBJC_IMPLICIT_RETAIN_SELF = YES;
				CLANG_WARN_OBJC_LITERAL_CONVERSION = YES;
				CLANG_WARN_OBJC_ROOT_CLASS = YES_ERROR;
				CLANG_WARN_QUOTED_INCLUDE_IN_FRAMEWORK_HEADER = YES;
				CLANG_WARN_RANGE_LOOP_ANALYSIS = YES;
				CLANG_WARN_STRICT_PROTOTYPES = YES;
				CLANG_WARN_SUSPICIOUS_MOVE = YES;
				CLANG_WARN_UNGUARDED_AVAILABILITY = YES_AGGRESSIVE;
				CLANG_WARN_UNREACHABLE_CODE = YES;
				CLANG_WARN__DUPLICATE_METHOD_MATCH = YES;
				COPY_PHASE_STRIP = NO;
				DEBUG_INFORMATION_FORMAT = "dwarf-with-dsym";
				ENABLE_NS_ASSERTIONS = NO;
				ENABLE_STRICT_OBJC_MSGSEND = YES;
				GCC_C_LANGUAGE_STANDARD = gnu11;
				GCC_NO_COMMON_BLOCKS = YES;
				GCC_WARN_64_TO_32_BIT_CONVERSION = YES;
				GCC_WARN_ABOUT_RETURN_TYPE = YES_ERROR;
				GCC_WARN_UNDECLARED_SELECTOR = YES;
				GCC_WARN_UNINITIALIZED_AUTOS = YES_AGGRESSIVE;
				GCC_WARN_UNUSED_FUNCTION = YES;
				GCC_WARN_UNUSED_VARIABLE = YES;
				IPHONEOS_DEPLOYMENT_TARGET = 15.5;
				MTL_ENABLE_DEBUG_INFO = NO;
				MTL_FAST_MATH = YES;
				SDKROOT = iphoneos;
				SWIFT_COMPILATION_MODE = wholemodule;
				SWIFT_OPTIMIZATION_LEVEL = "-O";
				VALIDATE_PRODUCT = YES;
			};
			name = Release;
		};
		F5C2B983290A23F7009BD5CD /* Debug */ = {
			isa = XCBuildConfiguration;
			buildSettings = {
				ASSETCATALOG_COMPILER_APPICON_NAME = AppIcon;
				ASSETCATALOG_COMPILER_GLOBAL_ACCENT_COLOR_NAME = AccentColor;
				CODE_SIGN_STYLE = Automatic;
				CURRENT_PROJECT_VERSION = 1;
				DEVELOPMENT_TEAM = 3KSQQS7C6X;
				GENERATE_INFOPLIST_FILE = YES;
				INFOPLIST_FILE = PersonalData/Application/Info.plist;
				INFOPLIST_KEY_UIApplicationSupportsIndirectInputEvents = YES;
				INFOPLIST_KEY_UILaunchStoryboardName = LaunchScreen;
				INFOPLIST_KEY_UISupportedInterfaceOrientations_iPad = "UIInterfaceOrientationPortrait UIInterfaceOrientationPortraitUpsideDown UIInterfaceOrientationLandscapeLeft UIInterfaceOrientationLandscapeRight";
				INFOPLIST_KEY_UISupportedInterfaceOrientations_iPhone = "UIInterfaceOrientationPortrait UIInterfaceOrientationLandscapeLeft UIInterfaceOrientationLandscapeRight";
				IPHONEOS_DEPLOYMENT_TARGET = 13.0;
				LD_RUNPATH_SEARCH_PATHS = (
					"$(inherited)",
					"@executable_path/Frameworks",
				);
				MARKETING_VERSION = 1.0;
				PRODUCT_BUNDLE_IDENTIFIER = alex.PersonalData;
				PRODUCT_NAME = "$(TARGET_NAME)";
				SWIFT_EMIT_LOC_STRINGS = YES;
				SWIFT_VERSION = 5.0;
				TARGETED_DEVICE_FAMILY = 1;
			};
			name = Debug;
		};
		F5C2B984290A23F7009BD5CD /* Release */ = {
			isa = XCBuildConfiguration;
			buildSettings = {
				ASSETCATALOG_COMPILER_APPICON_NAME = AppIcon;
				ASSETCATALOG_COMPILER_GLOBAL_ACCENT_COLOR_NAME = AccentColor;
				CODE_SIGN_STYLE = Automatic;
				CURRENT_PROJECT_VERSION = 1;
				DEVELOPMENT_TEAM = 3KSQQS7C6X;
				GENERATE_INFOPLIST_FILE = YES;
				INFOPLIST_FILE = PersonalData/Application/Info.plist;
				INFOPLIST_KEY_UIApplicationSupportsIndirectInputEvents = YES;
				INFOPLIST_KEY_UILaunchStoryboardName = LaunchScreen;
				INFOPLIST_KEY_UISupportedInterfaceOrientations_iPad = "UIInterfaceOrientationPortrait UIInterfaceOrientationPortraitUpsideDown UIInterfaceOrientationLandscapeLeft UIInterfaceOrientationLandscapeRight";
				INFOPLIST_KEY_UISupportedInterfaceOrientations_iPhone = "UIInterfaceOrientationPortrait UIInterfaceOrientationLandscapeLeft UIInterfaceOrientationLandscapeRight";
				IPHONEOS_DEPLOYMENT_TARGET = 13.0;
				LD_RUNPATH_SEARCH_PATHS = (
					"$(inherited)",
					"@executable_path/Frameworks",
				);
				MARKETING_VERSION = 1.0;
				PRODUCT_BUNDLE_IDENTIFIER = alex.PersonalData;
				PRODUCT_NAME = "$(TARGET_NAME)";
				SWIFT_EMIT_LOC_STRINGS = YES;
				SWIFT_VERSION = 5.0;
				TARGETED_DEVICE_FAMILY = 1;
			};
			name = Release;
		};
/* End XCBuildConfiguration section */

/* Begin XCConfigurationList section */
		F5C2B969290A23F3009BD5CD /* Build configuration list for PBXProject "PersonalData" */ = {
			isa = XCConfigurationList;
			buildConfigurations = (
				F5C2B980290A23F7009BD5CD /* Debug */,
				F5C2B981290A23F7009BD5CD /* Release */,
			);
			defaultConfigurationIsVisible = 0;
			defaultConfigurationName = Release;
		};
		F5C2B982290A23F7009BD5CD /* Build configuration list for PBXNativeTarget "PersonalData" */ = {
			isa = XCConfigurationList;
			buildConfigurations = (
				F5C2B983290A23F7009BD5CD /* Debug */,
				F5C2B984290A23F7009BD5CD /* Release */,
			);
			defaultConfigurationIsVisible = 0;
			defaultConfigurationName = Release;
		};
/* End XCConfigurationList section */
	};
	rootObject = F5C2B966290A23F3009BD5CD /* Project object */;
}
